
Microsoft Visual Studio Solution File, Format Version 12.00
# Visual Studio Version 16
VisualStudioVersion = 16.0.29009.5
MinimumVisualStudioVersion = 10.0.40219.1
Project("{9A19103F-16F7-4668-BE54-9A1E7A4F7556}") = "FSClient.Shared", "FSClient.Shared\FSClient.Shared.csproj", "{217A1155-013C-41BD-9C50-1A6C8980D1E2}"
EndProject
Project("{2150E333-8FDC-42A3-9474-1A3956D46DE8}") = "Solution Items", "Solution Items", "{54414CDE-E2D8-4C88-9A1B-99E397F46D12}"
	ProjectSection(SolutionItems) = preProject
		.editorconfig = .editorconfig
		..\.gitattributes = ..\.gitattributes
		..\.gitignore = ..\.gitignore
		..\Directory.Build.props = ..\Directory.Build.props
		global.json = global.json
		..\README.md = ..\README.md
		settings.xamlstyler = settings.xamlstyler
		UWP.Build.props = UWP.Build.props
		..\version.json = ..\version.json
	EndProjectSection
EndProject
Project("{2150E333-8FDC-42A3-9474-1A3956D46DE8}") = "FSClient.UWP", "FSClient.UWP", "{D616980D-FAA6-4C72-AFD2-E380D83A6C2A}"
EndProject
Project("{9A19103F-16F7-4668-BE54-9A1E7A4F7556}") = "FSClient.Data", "FSClient.Data\FSClient.Data.csproj", "{13AD2E28-6882-450F-8E93-2C300FD7D7F3}"
EndProject
Project("{9A19103F-16F7-4668-BE54-9A1E7A4F7556}") = "FSClient.Localization", "FSClient.Localization\FSClient.Localization.csproj", "{2FBAA550-5A38-449B-838E-0AD7E76DDEA4}"
EndProject
Project("{FAE04EC0-301F-11D3-BF4B-00C04F79EFBC}") = "FSClient.UWP.Background", "FSClient.UWP.Background\FSClient.UWP.Background.csproj", "{8C8B13FE-185F-41B8-9697-0FCCE561BB43}"
EndProject
Project("{2150E333-8FDC-42A3-9474-1A3956D46DE8}") = "Build", "Build", "{2D7CE7E5-0F58-4708-9025-5BBEE4444194}"
EndProject
Project("{9A19103F-16F7-4668-BE54-9A1E7A4F7556}") = "build", "..\build\build.csproj", "{BD8E9722-332F-4983-8FF0-27646B2E353F}"
EndProject
Project("{9A19103F-16F7-4668-BE54-9A1E7A4F7556}") = "FSClient.Providers.Test", "FSClient.Providers.Test\FSClient.Providers.Test.csproj", "{CD699CBB-EDA4-4C53-866B-500F314C9B64}"
EndProject
Project("{9A19103F-16F7-4668-BE54-9A1E7A4F7556}") = "FSClient.Providers", "FSClient.Providers\FSClient.Providers.csproj", "{A6BF6529-2D8D-432C-8B7A-C874D49BE2C5}"
EndProject
Project("{9A19103F-16F7-4668-BE54-9A1E7A4F7556}") = "FSClient.Shared.Test", "FSClient.Shared.Test\FSClient.Shared.Test.csproj", "{F1F268C6-ABD9-44CE-956E-A9EDE72CFFED}"
EndProject
Project("{9A19103F-16F7-4668-BE54-9A1E7A4F7556}") = "FSClient.UWP.Shared", "FSClient.UWP.Shared\FSClient.UWP.Shared.csproj", "{9CF65325-1B35-4621-95BD-95744D631F1E}"
EndProject
Project("{2150E333-8FDC-42A3-9474-1A3956D46DE8}") = "Workflows", "Workflows", "{A8430129-C6E6-4CDD-A261-3FB0410511E7}"
	ProjectSection(SolutionItems) = preProject
		..\.github\workflows\build-appinstaller.yml = ..\.github\workflows\build-appinstaller.yml
		..\.github\workflows\run-shared-tests.yml = ..\.github\workflows\run-shared-tests.yml
	EndProjectSection
EndProject
Project("{9A19103F-16F7-4668-BE54-9A1E7A4F7556}") = "FSClient.ViewModels", "FSClient.ViewModels\FSClient.ViewModels.csproj", "{358D2441-4DC5-42E0-BE99-093A87619395}"
EndProject
Project("{FAE04EC0-301F-11D3-BF4B-00C04F79EFBC}") = "FSClient.UWP.Startup", "FSClient.UWP.Startup\FSClient.UWP.Startup.csproj", "{65E3DBB9-4DC6-4274-B787-35F88061FA4C}"
EndProject
Global
	GlobalSection(SolutionConfigurationPlatforms) = preSolution
		Debug|Any CPU = Debug|Any CPU
		Debug|ARM = Debug|ARM
		Debug|arm64 = Debug|arm64
		Debug|x64 = Debug|x64
		Debug|x86 = Debug|x86
		Release|Any CPU = Release|Any CPU
		Release|ARM = Release|ARM
		Release|arm64 = Release|arm64
		Release|x64 = Release|x64
		Release|x86 = Release|x86
	EndGlobalSection
	GlobalSection(ProjectConfigurationPlatforms) = postSolution
		{217A1155-013C-41BD-9C50-1A6C8980D1E2}.Debug|Any CPU.ActiveCfg = Debug|Any CPU
		{217A1155-013C-41BD-9C50-1A6C8980D1E2}.Debug|Any CPU.Build.0 = Debug|Any CPU
		{217A1155-013C-41BD-9C50-1A6C8980D1E2}.Debug|ARM.ActiveCfg = Debug|Any CPU
		{217A1155-013C-41BD-9C50-1A6C8980D1E2}.Debug|ARM.Build.0 = Debug|Any CPU
		{217A1155-013C-41BD-9C50-1A6C8980D1E2}.Debug|arm64.ActiveCfg = Debug|Any CPU
		{217A1155-013C-41BD-9C50-1A6C8980D1E2}.Debug|arm64.Build.0 = Debug|Any CPU
		{217A1155-013C-41BD-9C50-1A6C8980D1E2}.Debug|x64.ActiveCfg = Debug|Any CPU
		{217A1155-013C-41BD-9C50-1A6C8980D1E2}.Debug|x64.Build.0 = Debug|Any CPU
		{217A1155-013C-41BD-9C50-1A6C8980D1E2}.Debug|x86.ActiveCfg = Debug|Any CPU
		{217A1155-013C-41BD-9C50-1A6C8980D1E2}.Debug|x86.Build.0 = Debug|Any CPU
		{217A1155-013C-41BD-9C50-1A6C8980D1E2}.Release|Any CPU.ActiveCfg = Release|Any CPU
		{217A1155-013C-41BD-9C50-1A6C8980D1E2}.Release|Any CPU.Build.0 = Release|Any CPU
		{217A1155-013C-41BD-9C50-1A6C8980D1E2}.Release|ARM.ActiveCfg = Release|Any CPU
		{217A1155-013C-41BD-9C50-1A6C8980D1E2}.Release|ARM.Build.0 = Release|Any CPU
		{217A1155-013C-41BD-9C50-1A6C8980D1E2}.Release|arm64.ActiveCfg = Release|Any CPU
		{217A1155-013C-41BD-9C50-1A6C8980D1E2}.Release|arm64.Build.0 = Release|Any CPU
		{217A1155-013C-41BD-9C50-1A6C8980D1E2}.Release|x64.ActiveCfg = Release|Any CPU
		{217A1155-013C-41BD-9C50-1A6C8980D1E2}.Release|x64.Build.0 = Release|Any CPU
		{217A1155-013C-41BD-9C50-1A6C8980D1E2}.Release|x86.ActiveCfg = Release|Any CPU
		{217A1155-013C-41BD-9C50-1A6C8980D1E2}.Release|x86.Build.0 = Release|Any CPU
		{13AD2E28-6882-450F-8E93-2C300FD7D7F3}.Debug|Any CPU.ActiveCfg = Debug|Any CPU
		{13AD2E28-6882-450F-8E93-2C300FD7D7F3}.Debug|Any CPU.Build.0 = Debug|Any CPU
		{13AD2E28-6882-450F-8E93-2C300FD7D7F3}.Debug|ARM.ActiveCfg = Debug|Any CPU
		{13AD2E28-6882-450F-8E93-2C300FD7D7F3}.Debug|ARM.Build.0 = Debug|Any CPU
		{13AD2E28-6882-450F-8E93-2C300FD7D7F3}.Debug|arm64.ActiveCfg = Debug|Any CPU
		{13AD2E28-6882-450F-8E93-2C300FD7D7F3}.Debug|arm64.Build.0 = Debug|Any CPU
		{13AD2E28-6882-450F-8E93-2C300FD7D7F3}.Debug|x64.ActiveCfg = Debug|Any CPU
		{13AD2E28-6882-450F-8E93-2C300FD7D7F3}.Debug|x64.Build.0 = Debug|Any CPU
		{13AD2E28-6882-450F-8E93-2C300FD7D7F3}.Debug|x86.ActiveCfg = Debug|Any CPU
		{13AD2E28-6882-450F-8E93-2C300FD7D7F3}.Debug|x86.Build.0 = Debug|Any CPU
		{13AD2E28-6882-450F-8E93-2C300FD7D7F3}.Release|Any CPU.ActiveCfg = Release|Any CPU
		{13AD2E28-6882-450F-8E93-2C300FD7D7F3}.Release|Any CPU.Build.0 = Release|Any CPU
		{13AD2E28-6882-450F-8E93-2C300FD7D7F3}.Release|ARM.ActiveCfg = Release|Any CPU
		{13AD2E28-6882-450F-8E93-2C300FD7D7F3}.Release|ARM.Build.0 = Release|Any CPU
		{13AD2E28-6882-450F-8E93-2C300FD7D7F3}.Release|arm64.ActiveCfg = Release|Any CPU
		{13AD2E28-6882-450F-8E93-2C300FD7D7F3}.Release|arm64.Build.0 = Release|Any CPU
		{13AD2E28-6882-450F-8E93-2C300FD7D7F3}.Release|x64.ActiveCfg = Release|Any CPU
		{13AD2E28-6882-450F-8E93-2C300FD7D7F3}.Release|x64.Build.0 = Release|Any CPU
		{13AD2E28-6882-450F-8E93-2C300FD7D7F3}.Release|x86.ActiveCfg = Release|Any CPU
		{13AD2E28-6882-450F-8E93-2C300FD7D7F3}.Release|x86.Build.0 = Release|Any CPU
		{2FBAA550-5A38-449B-838E-0AD7E76DDEA4}.Debug|Any CPU.ActiveCfg = Debug|Any CPU
		{2FBAA550-5A38-449B-838E-0AD7E76DDEA4}.Debug|Any CPU.Build.0 = Debug|Any CPU
		{2FBAA550-5A38-449B-838E-0AD7E76DDEA4}.Debug|ARM.ActiveCfg = Debug|Any CPU
		{2FBAA550-5A38-449B-838E-0AD7E76DDEA4}.Debug|ARM.Build.0 = Debug|Any CPU
		{2FBAA550-5A38-449B-838E-0AD7E76DDEA4}.Debug|arm64.ActiveCfg = Debug|Any CPU
		{2FBAA550-5A38-449B-838E-0AD7E76DDEA4}.Debug|arm64.Build.0 = Debug|Any CPU
		{2FBAA550-5A38-449B-838E-0AD7E76DDEA4}.Debug|x64.ActiveCfg = Debug|Any CPU
		{2FBAA550-5A38-449B-838E-0AD7E76DDEA4}.Debug|x64.Build.0 = Debug|Any CPU
		{2FBAA550-5A38-449B-838E-0AD7E76DDEA4}.Debug|x86.ActiveCfg = Debug|Any CPU
		{2FBAA550-5A38-449B-838E-0AD7E76DDEA4}.Debug|x86.Build.0 = Debug|Any CPU
		{2FBAA550-5A38-449B-838E-0AD7E76DDEA4}.Release|Any CPU.ActiveCfg = Release|Any CPU
		{2FBAA550-5A38-449B-838E-0AD7E76DDEA4}.Release|Any CPU.Build.0 = Release|Any CPU
		{2FBAA550-5A38-449B-838E-0AD7E76DDEA4}.Release|ARM.ActiveCfg = Release|Any CPU
		{2FBAA550-5A38-449B-838E-0AD7E76DDEA4}.Release|ARM.Build.0 = Release|Any CPU
		{2FBAA550-5A38-449B-838E-0AD7E76DDEA4}.Release|arm64.ActiveCfg = Release|Any CPU
		{2FBAA550-5A38-449B-838E-0AD7E76DDEA4}.Release|arm64.Build.0 = Release|Any CPU
		{2FBAA550-5A38-449B-838E-0AD7E76DDEA4}.Release|x64.ActiveCfg = Release|Any CPU
		{2FBAA550-5A38-449B-838E-0AD7E76DDEA4}.Release|x64.Build.0 = Release|Any CPU
		{2FBAA550-5A38-449B-838E-0AD7E76DDEA4}.Release|x86.ActiveCfg = Release|Any CPU
		{2FBAA550-5A38-449B-838E-0AD7E76DDEA4}.Release|x86.Build.0 = Release|Any CPU
		{8C8B13FE-185F-41B8-9697-0FCCE561BB43}.Debug|Any CPU.ActiveCfg = Debug|x86
		{8C8B13FE-185F-41B8-9697-0FCCE561BB43}.Debug|Any CPU.Build.0 = Debug|x86
		{8C8B13FE-185F-41B8-9697-0FCCE561BB43}.Debug|ARM.ActiveCfg = Debug|ARM
		{8C8B13FE-185F-41B8-9697-0FCCE561BB43}.Debug|ARM.Build.0 = Debug|ARM
		{8C8B13FE-185F-41B8-9697-0FCCE561BB43}.Debug|arm64.ActiveCfg = Debug|ARM64
		{8C8B13FE-185F-41B8-9697-0FCCE561BB43}.Debug|arm64.Build.0 = Debug|ARM64
		{8C8B13FE-185F-41B8-9697-0FCCE561BB43}.Debug|x64.ActiveCfg = Debug|x64
		{8C8B13FE-185F-41B8-9697-0FCCE561BB43}.Debug|x64.Build.0 = Debug|x64
		{8C8B13FE-185F-41B8-9697-0FCCE561BB43}.Debug|x86.ActiveCfg = Debug|x86
		{8C8B13FE-185F-41B8-9697-0FCCE561BB43}.Debug|x86.Build.0 = Debug|x86
		{8C8B13FE-185F-41B8-9697-0FCCE561BB43}.Release|Any CPU.ActiveCfg = Release|Any CPU
		{8C8B13FE-185F-41B8-9697-0FCCE561BB43}.Release|Any CPU.Build.0 = Release|Any CPU
		{8C8B13FE-185F-41B8-9697-0FCCE561BB43}.Release|ARM.ActiveCfg = Release|ARM
		{8C8B13FE-185F-41B8-9697-0FCCE561BB43}.Release|ARM.Build.0 = Release|ARM
		{8C8B13FE-185F-41B8-9697-0FCCE561BB43}.Release|arm64.ActiveCfg = Release|ARM64
		{8C8B13FE-185F-41B8-9697-0FCCE561BB43}.Release|arm64.Build.0 = Release|ARM64
		{8C8B13FE-185F-41B8-9697-0FCCE561BB43}.Release|x64.ActiveCfg = Release|x64
		{8C8B13FE-185F-41B8-9697-0FCCE561BB43}.Release|x64.Build.0 = Release|x64
		{8C8B13FE-185F-41B8-9697-0FCCE561BB43}.Release|x86.ActiveCfg = Release|x86
		{8C8B13FE-185F-41B8-9697-0FCCE561BB43}.Release|x86.Build.0 = Release|x86
		{BD8E9722-332F-4983-8FF0-27646B2E353F}.Debug|Any CPU.ActiveCfg = Debug|Any CPU
		{BD8E9722-332F-4983-8FF0-27646B2E353F}.Debug|Any CPU.Build.0 = Debug|Any CPU
		{BD8E9722-332F-4983-8FF0-27646B2E353F}.Debug|ARM.ActiveCfg = Debug|Any CPU
		{BD8E9722-332F-4983-8FF0-27646B2E353F}.Debug|ARM.Build.0 = Debug|Any CPU
		{BD8E9722-332F-4983-8FF0-27646B2E353F}.Debug|arm64.ActiveCfg = Debug|Any CPU
		{BD8E9722-332F-4983-8FF0-27646B2E353F}.Debug|arm64.Build.0 = Debug|Any CPU
		{BD8E9722-332F-4983-8FF0-27646B2E353F}.Debug|x64.ActiveCfg = Debug|Any CPU
		{BD8E9722-332F-4983-8FF0-27646B2E353F}.Debug|x64.Build.0 = Debug|Any CPU
		{BD8E9722-332F-4983-8FF0-27646B2E353F}.Debug|x86.ActiveCfg = Debug|Any CPU
		{BD8E9722-332F-4983-8FF0-27646B2E353F}.Debug|x86.Build.0 = Debug|Any CPU
		{BD8E9722-332F-4983-8FF0-27646B2E353F}.Release|Any CPU.ActiveCfg = Release|Any CPU
		{BD8E9722-332F-4983-8FF0-27646B2E353F}.Release|Any CPU.Build.0 = Release|Any CPU
		{BD8E9722-332F-4983-8FF0-27646B2E353F}.Release|ARM.ActiveCfg = Release|Any CPU
		{BD8E9722-332F-4983-8FF0-27646B2E353F}.Release|ARM.Build.0 = Release|Any CPU
		{BD8E9722-332F-4983-8FF0-27646B2E353F}.Release|arm64.ActiveCfg = Release|Any CPU
		{BD8E9722-332F-4983-8FF0-27646B2E353F}.Release|arm64.Build.0 = Release|Any CPU
		{BD8E9722-332F-4983-8FF0-27646B2E353F}.Release|x64.ActiveCfg = Release|Any CPU
		{BD8E9722-332F-4983-8FF0-27646B2E353F}.Release|x64.Build.0 = Release|Any CPU
		{BD8E9722-332F-4983-8FF0-27646B2E353F}.Release|x86.ActiveCfg = Release|Any CPU
		{BD8E9722-332F-4983-8FF0-27646B2E353F}.Release|x86.Build.0 = Release|Any CPU
		{CD699CBB-EDA4-4C53-866B-500F314C9B64}.Debug|Any CPU.ActiveCfg = Debug|Any CPU
		{CD699CBB-EDA4-4C53-866B-500F314C9B64}.Debug|Any CPU.Build.0 = Debug|Any CPU
		{CD699CBB-EDA4-4C53-866B-500F314C9B64}.Debug|ARM.ActiveCfg = Debug|Any CPU
		{CD699CBB-EDA4-4C53-866B-500F314C9B64}.Debug|ARM.Build.0 = Debug|Any CPU
		{CD699CBB-EDA4-4C53-866B-500F314C9B64}.Debug|arm64.ActiveCfg = Debug|Any CPU
		{CD699CBB-EDA4-4C53-866B-500F314C9B64}.Debug|arm64.Build.0 = Debug|Any CPU
		{CD699CBB-EDA4-4C53-866B-500F314C9B64}.Debug|x64.ActiveCfg = Debug|Any CPU
		{CD699CBB-EDA4-4C53-866B-500F314C9B64}.Debug|x64.Build.0 = Debug|Any CPU
		{CD699CBB-EDA4-4C53-866B-500F314C9B64}.Debug|x86.ActiveCfg = Debug|Any CPU
		{CD699CBB-EDA4-4C53-866B-500F314C9B64}.Debug|x86.Build.0 = Debug|Any CPU
		{CD699CBB-EDA4-4C53-866B-500F314C9B64}.Release|Any CPU.ActiveCfg = Release|Any CPU
		{CD699CBB-EDA4-4C53-866B-500F314C9B64}.Release|Any CPU.Build.0 = Release|Any CPU
		{CD699CBB-EDA4-4C53-866B-500F314C9B64}.Release|ARM.ActiveCfg = Release|Any CPU
		{CD699CBB-EDA4-4C53-866B-500F314C9B64}.Release|ARM.Build.0 = Release|Any CPU
		{CD699CBB-EDA4-4C53-866B-500F314C9B64}.Release|arm64.ActiveCfg = Release|Any CPU
		{CD699CBB-EDA4-4C53-866B-500F314C9B64}.Release|arm64.Build.0 = Release|Any CPU
		{CD699CBB-EDA4-4C53-866B-500F314C9B64}.Release|x64.ActiveCfg = Release|Any CPU
		{CD699CBB-EDA4-4C53-866B-500F314C9B64}.Release|x64.Build.0 = Release|Any CPU
		{CD699CBB-EDA4-4C53-866B-500F314C9B64}.Release|x86.ActiveCfg = Release|Any CPU
		{CD699CBB-EDA4-4C53-866B-500F314C9B64}.Release|x86.Build.0 = Release|Any CPU
		{A6BF6529-2D8D-432C-8B7A-C874D49BE2C5}.Debug|Any CPU.ActiveCfg = Debug|Any CPU
		{A6BF6529-2D8D-432C-8B7A-C874D49BE2C5}.Debug|Any CPU.Build.0 = Debug|Any CPU
		{A6BF6529-2D8D-432C-8B7A-C874D49BE2C5}.Debug|ARM.ActiveCfg = Debug|Any CPU
		{A6BF6529-2D8D-432C-8B7A-C874D49BE2C5}.Debug|ARM.Build.0 = Debug|Any CPU
		{A6BF6529-2D8D-432C-8B7A-C874D49BE2C5}.Debug|arm64.ActiveCfg = Debug|Any CPU
		{A6BF6529-2D8D-432C-8B7A-C874D49BE2C5}.Debug|arm64.Build.0 = Debug|Any CPU
		{A6BF6529-2D8D-432C-8B7A-C874D49BE2C5}.Debug|x64.ActiveCfg = Debug|Any CPU
		{A6BF6529-2D8D-432C-8B7A-C874D49BE2C5}.Debug|x64.Build.0 = Debug|Any CPU
		{A6BF6529-2D8D-432C-8B7A-C874D49BE2C5}.Debug|x86.ActiveCfg = Debug|Any CPU
		{A6BF6529-2D8D-432C-8B7A-C874D49BE2C5}.Debug|x86.Build.0 = Debug|Any CPU
		{A6BF6529-2D8D-432C-8B7A-C874D49BE2C5}.Release|Any CPU.ActiveCfg = Release|Any CPU
		{A6BF6529-2D8D-432C-8B7A-C874D49BE2C5}.Release|Any CPU.Build.0 = Release|Any CPU
		{A6BF6529-2D8D-432C-8B7A-C874D49BE2C5}.Release|ARM.ActiveCfg = Release|Any CPU
		{A6BF6529-2D8D-432C-8B7A-C874D49BE2C5}.Release|ARM.Build.0 = Release|Any CPU
		{A6BF6529-2D8D-432C-8B7A-C874D49BE2C5}.Release|arm64.ActiveCfg = Release|Any CPU
		{A6BF6529-2D8D-432C-8B7A-C874D49BE2C5}.Release|arm64.Build.0 = Release|Any CPU
		{A6BF6529-2D8D-432C-8B7A-C874D49BE2C5}.Release|x64.ActiveCfg = Release|Any CPU
		{A6BF6529-2D8D-432C-8B7A-C874D49BE2C5}.Release|x64.Build.0 = Release|Any CPU
		{A6BF6529-2D8D-432C-8B7A-C874D49BE2C5}.Release|x86.ActiveCfg = Release|Any CPU
		{A6BF6529-2D8D-432C-8B7A-C874D49BE2C5}.Release|x86.Build.0 = Release|Any CPU
		{F1F268C6-ABD9-44CE-956E-A9EDE72CFFED}.Debug|Any CPU.ActiveCfg = Debug|Any CPU
		{F1F268C6-ABD9-44CE-956E-A9EDE72CFFED}.Debug|Any CPU.Build.0 = Debug|Any CPU
		{F1F268C6-ABD9-44CE-956E-A9EDE72CFFED}.Debug|ARM.ActiveCfg = Debug|Any CPU
		{F1F268C6-ABD9-44CE-956E-A9EDE72CFFED}.Debug|ARM.Build.0 = Debug|Any CPU
		{F1F268C6-ABD9-44CE-956E-A9EDE72CFFED}.Debug|arm64.ActiveCfg = Debug|Any CPU
		{F1F268C6-ABD9-44CE-956E-A9EDE72CFFED}.Debug|arm64.Build.0 = Debug|Any CPU
		{F1F268C6-ABD9-44CE-956E-A9EDE72CFFED}.Debug|x64.ActiveCfg = Debug|Any CPU
		{F1F268C6-ABD9-44CE-956E-A9EDE72CFFED}.Debug|x64.Build.0 = Debug|Any CPU
		{F1F268C6-ABD9-44CE-956E-A9EDE72CFFED}.Debug|x86.ActiveCfg = Debug|Any CPU
		{F1F268C6-ABD9-44CE-956E-A9EDE72CFFED}.Debug|x86.Build.0 = Debug|Any CPU
		{F1F268C6-ABD9-44CE-956E-A9EDE72CFFED}.Release|Any CPU.ActiveCfg = Release|Any CPU
		{F1F268C6-ABD9-44CE-956E-A9EDE72CFFED}.Release|Any CPU.Build.0 = Release|Any CPU
		{F1F268C6-ABD9-44CE-956E-A9EDE72CFFED}.Release|ARM.ActiveCfg = Release|Any CPU
		{F1F268C6-ABD9-44CE-956E-A9EDE72CFFED}.Release|ARM.Build.0 = Release|Any CPU
		{F1F268C6-ABD9-44CE-956E-A9EDE72CFFED}.Release|arm64.ActiveCfg = Release|Any CPU
		{F1F268C6-ABD9-44CE-956E-A9EDE72CFFED}.Release|arm64.Build.0 = Release|Any CPU
		{F1F268C6-ABD9-44CE-956E-A9EDE72CFFED}.Release|x64.ActiveCfg = Release|Any CPU
		{F1F268C6-ABD9-44CE-956E-A9EDE72CFFED}.Release|x64.Build.0 = Release|Any CPU
		{F1F268C6-ABD9-44CE-956E-A9EDE72CFFED}.Release|x86.ActiveCfg = Release|Any CPU
		{F1F268C6-ABD9-44CE-956E-A9EDE72CFFED}.Release|x86.Build.0 = Release|Any CPU
		{9CF65325-1B35-4621-95BD-95744D631F1E}.Debug|Any CPU.ActiveCfg = Debug|Any CPU
		{9CF65325-1B35-4621-95BD-95744D631F1E}.Debug|Any CPU.Build.0 = Debug|Any CPU
		{9CF65325-1B35-4621-95BD-95744D631F1E}.Debug|ARM.ActiveCfg = Debug|Any CPU
		{9CF65325-1B35-4621-95BD-95744D631F1E}.Debug|ARM.Build.0 = Debug|Any CPU
		{9CF65325-1B35-4621-95BD-95744D631F1E}.Debug|arm64.ActiveCfg = Debug|Any CPU
		{9CF65325-1B35-4621-95BD-95744D631F1E}.Debug|arm64.Build.0 = Debug|Any CPU
		{9CF65325-1B35-4621-95BD-95744D631F1E}.Debug|x64.ActiveCfg = Debug|Any CPU
		{9CF65325-1B35-4621-95BD-95744D631F1E}.Debug|x64.Build.0 = Debug|Any CPU
		{9CF65325-1B35-4621-95BD-95744D631F1E}.Debug|x86.ActiveCfg = Debug|Any CPU
		{9CF65325-1B35-4621-95BD-95744D631F1E}.Debug|x86.Build.0 = Debug|Any CPU
		{9CF65325-1B35-4621-95BD-95744D631F1E}.Release|Any CPU.ActiveCfg = Release|Any CPU
		{9CF65325-1B35-4621-95BD-95744D631F1E}.Release|Any CPU.Build.0 = Release|Any CPU
		{9CF65325-1B35-4621-95BD-95744D631F1E}.Release|ARM.ActiveCfg = Release|Any CPU
		{9CF65325-1B35-4621-95BD-95744D631F1E}.Release|ARM.Build.0 = Release|Any CPU
		{9CF65325-1B35-4621-95BD-95744D631F1E}.Release|arm64.ActiveCfg = Release|Any CPU
		{9CF65325-1B35-4621-95BD-95744D631F1E}.Release|arm64.Build.0 = Release|Any CPU
		{9CF65325-1B35-4621-95BD-95744D631F1E}.Release|x64.ActiveCfg = Release|Any CPU
		{9CF65325-1B35-4621-95BD-95744D631F1E}.Release|x64.Build.0 = Release|Any CPU
		{9CF65325-1B35-4621-95BD-95744D631F1E}.Release|x86.ActiveCfg = Release|Any CPU
		{9CF65325-1B35-4621-95BD-95744D631F1E}.Release|x86.Build.0 = Release|Any CPU
		{358D2441-4DC5-42E0-BE99-093A87619395}.Debug|Any CPU.ActiveCfg = Debug|Any CPU
		{358D2441-4DC5-42E0-BE99-093A87619395}.Debug|Any CPU.Build.0 = Debug|Any CPU
		{358D2441-4DC5-42E0-BE99-093A87619395}.Debug|ARM.ActiveCfg = Debug|Any CPU
		{358D2441-4DC5-42E0-BE99-093A87619395}.Debug|ARM.Build.0 = Debug|Any CPU
		{358D2441-4DC5-42E0-BE99-093A87619395}.Debug|arm64.ActiveCfg = Debug|Any CPU
		{358D2441-4DC5-42E0-BE99-093A87619395}.Debug|arm64.Build.0 = Debug|Any CPU
		{358D2441-4DC5-42E0-BE99-093A87619395}.Debug|x64.ActiveCfg = Debug|Any CPU
		{358D2441-4DC5-42E0-BE99-093A87619395}.Debug|x64.Build.0 = Debug|Any CPU
		{358D2441-4DC5-42E0-BE99-093A87619395}.Debug|x86.ActiveCfg = Debug|Any CPU
		{358D2441-4DC5-42E0-BE99-093A87619395}.Debug|x86.Build.0 = Debug|Any CPU
		{358D2441-4DC5-42E0-BE99-093A87619395}.Release|Any CPU.ActiveCfg = Release|Any CPU
		{358D2441-4DC5-42E0-BE99-093A87619395}.Release|Any CPU.Build.0 = Release|Any CPU
		{358D2441-4DC5-42E0-BE99-093A87619395}.Release|ARM.ActiveCfg = Release|Any CPU
		{358D2441-4DC5-42E0-BE99-093A87619395}.Release|ARM.Build.0 = Release|Any CPU
		{358D2441-4DC5-42E0-BE99-093A87619395}.Release|arm64.ActiveCfg = Release|Any CPU
		{358D2441-4DC5-42E0-BE99-093A87619395}.Release|arm64.Build.0 = Release|Any CPU
		{358D2441-4DC5-42E0-BE99-093A87619395}.Release|x64.ActiveCfg = Release|Any CPU
		{358D2441-4DC5-42E0-BE99-093A87619395}.Release|x64.Build.0 = Release|Any CPU
		{358D2441-4DC5-42E0-BE99-093A87619395}.Release|x86.ActiveCfg = Release|Any CPU
		{358D2441-4DC5-42E0-BE99-093A87619395}.Release|x86.Build.0 = Release|Any CPU
		{65E3DBB9-4DC6-4274-B787-35F88061FA4C}.Debug|Any CPU.ActiveCfg = Debug|x86
		{65E3DBB9-4DC6-4274-B787-35F88061FA4C}.Debug|ARM.ActiveCfg = Debug|ARM
		{65E3DBB9-4DC6-4274-B787-35F88061FA4C}.Debug|ARM.Build.0 = Debug|ARM
		{65E3DBB9-4DC6-4274-B787-35F88061FA4C}.Debug|ARM.Deploy.0 = Debug|ARM
		{65E3DBB9-4DC6-4274-B787-35F88061FA4C}.Debug|arm64.ActiveCfg = Debug|ARM64
		{65E3DBB9-4DC6-4274-B787-35F88061FA4C}.Debug|arm64.Build.0 = Debug|ARM64
		{65E3DBB9-4DC6-4274-B787-35F88061FA4C}.Debug|arm64.Deploy.0 = Debug|ARM64
		{65E3DBB9-4DC6-4274-B787-35F88061FA4C}.Debug|x64.ActiveCfg = Debug|x64
		{65E3DBB9-4DC6-4274-B787-35F88061FA4C}.Debug|x64.Build.0 = Debug|x64
		{65E3DBB9-4DC6-4274-B787-35F88061FA4C}.Debug|x64.Deploy.0 = Debug|x64
		{65E3DBB9-4DC6-4274-B787-35F88061FA4C}.Debug|x86.ActiveCfg = Debug|x86
		{65E3DBB9-4DC6-4274-B787-35F88061FA4C}.Debug|x86.Build.0 = Debug|x86
		{65E3DBB9-4DC6-4274-B787-35F88061FA4C}.Debug|x86.Deploy.0 = Debug|x86
		{65E3DBB9-4DC6-4274-B787-35F88061FA4C}.Release|Any CPU.ActiveCfg = Release|x86
		{65E3DBB9-4DC6-4274-B787-35F88061FA4C}.Release|ARM.ActiveCfg = Release|ARM
		{65E3DBB9-4DC6-4274-B787-35F88061FA4C}.Release|ARM.Build.0 = Release|ARM
		{65E3DBB9-4DC6-4274-B787-35F88061FA4C}.Release|ARM.Deploy.0 = Release|ARM
		{65E3DBB9-4DC6-4274-B787-35F88061FA4C}.Release|arm64.ActiveCfg = Release|ARM64
		{65E3DBB9-4DC6-4274-B787-35F88061FA4C}.Release|arm64.Build.0 = Release|ARM64
		{65E3DBB9-4DC6-4274-B787-35F88061FA4C}.Release|arm64.Deploy.0 = Release|ARM64
		{65E3DBB9-4DC6-4274-B787-35F88061FA4C}.Release|x64.ActiveCfg = Release|x64
		{65E3DBB9-4DC6-4274-B787-35F88061FA4C}.Release|x64.Build.0 = Release|x64
		{65E3DBB9-4DC6-4274-B787-35F88061FA4C}.Release|x64.Deploy.0 = Release|x64
		{65E3DBB9-4DC6-4274-B787-35F88061FA4C}.Release|x86.ActiveCfg = Release|x86
		{65E3DBB9-4DC6-4274-B787-35F88061FA4C}.Release|x86.Build.0 = Release|x86
		{65E3DBB9-4DC6-4274-B787-35F88061FA4C}.Release|x86.Deploy.0 = Release|x86
	EndGlobalSection
	GlobalSection(SolutionProperties) = preSolution
		HideSolutionNode = FALSE
	EndGlobalSection
	GlobalSection(NestedProjects) = preSolution
		{8C8B13FE-185F-41B8-9697-0FCCE561BB43} = {D616980D-FAA6-4C72-AFD2-E380D83A6C2A}
		{BD8E9722-332F-4983-8FF0-27646B2E353F} = {2D7CE7E5-0F58-4708-9025-5BBEE4444194}
		{9CF65325-1B35-4621-95BD-95744D631F1E} = {D616980D-FAA6-4C72-AFD2-E380D83A6C2A}
		{A8430129-C6E6-4CDD-A261-3FB0410511E7} = {2D7CE7E5-0F58-4708-9025-5BBEE4444194}
		{65E3DBB9-4DC6-4274-B787-35F88061FA4C} = {D616980D-FAA6-4C72-AFD2-E380D83A6C2A}
	EndGlobalSection
	GlobalSection(ExtensibilityGlobals) = postSolution
		RESX_CodeReferences = {"Items":[{"Expression":"\\W($File.$Key)\\W","Extensions":".cs,.xaml,.cshtml","IsCaseSensitive":true,"SingleLineComment":"\/\/"},{"Expression":"\\W($File.$Key)\\W","Extensions":".vbhtml","IsCaseSensitive":false,"SingleLineComment":null},{"Expression":"ResourceManager.GetString\\(\"($Key)\"\\)","Extensions":".cs","IsCaseSensitive":true,"SingleLineComment":"\/\/"},{"Expression":"typeof\\((\\w+\\.)*($File)\\).+\"($Key)\"|\"($Key)\".+typeof\\((\\w+\\.)*($File)\\)","Extensions":".cs","IsCaseSensitive":true,"SingleLineComment":"\/\/"},{"Expression":"\\W($Key)\\W","Extensions":".vb","IsCaseSensitive":false,"SingleLineComment":"'"},{"Expression":"\\W($File::$Key)\\W","Extensions":".cpp,.c,.hxx,.h","IsCaseSensitive":true,"SingleLineComment":"\/\/"},{"Expression":"&lt;%\\$\\s+Resources:\\s*($File)\\s*,\\s*($Key)\\s*%&gt;","Extensions":".aspx,.ascx,.master","IsCaseSensitive":true,"SingleLineComment":null},{"Expression":"StringResourceKey\\.($Key)","Extensions":".cs","IsCaseSensitive":true,"SingleLineComment":"\/\/"},{"Expression":"\\.($Key)","Extensions":".ts,.html","IsCaseSensitive":true,"SingleLineComment":"\/\/"},{"Expression":"\\{CustomResource $Key\\}","Extensions":".xaml","IsCaseSensitive":true,"SingleLineComment":null}]}
		RESX_SortFileContentOnSave = True
		RESX_NeutralResourcesLanguage = ru-RU
		SolutionGuid = {4902FDDF-867D-4B55-A8B5-1041B7334851}
	EndGlobalSection
EndGlobal
